
Microsoft Visual Studio Solution File, Format Version 12.00
# Visual Studio Version 17
VisualStudioVersion = 17.10.35122.118
MinimumVisualStudioVersion = 10.0.40219.1
Project("{FAE04EC0-301F-11D3-BF4B-00C04F79EFBC}") = "es-producto", "es-producto.csproj", "{A8DE9074-B6BE-46B6-AB5F-B8E73E2E1AA2}"
EndProject
Global
	GlobalSection(SolutionConfigurationPlatforms) = preSolution
		Debug|Any CPU = Debug|Any CPU
		Release|Any CPU = Release|Any CPU
	EndGlobalSection
	GlobalSection(ProjectConfigurationPlatforms) = postSolution
		{A8DE9074-B6BE-46B6-AB5F-B8E73E2E1AA2}.Debug|Any CPU.ActiveCfg = Debug|Any CPU
		{A8DE9074-B6BE-46B6-AB5F-B8E73E2E1AA2}.Debug|Any CPU.Build.0 = Debug|Any CPU
		{A8DE9074-B6BE-46B6-AB5F-B8E73E2E1AA2}.Release|Any CPU.ActiveCfg = Release|Any CPU
		{A8DE9074-B6BE-46B6-AB5F-B8E73E2E1AA2}.Release|Any CPU.Build.0 = Release|Any CPU
	EndGlobalSection
	GlobalSection(SolutionProperties) = preSolution
		HideSolutionNode = FALSE
	EndGlobalSection
	GlobalSection(ExtensibilityGlobals) = postSolution
		SolutionGuid = {30C5D79F-B4E9-45C0-BDF1-4828C4326BEF}
	EndGlobalSection
EndGlobal
