
Microsoft Visual Studio Solution File, Format Version 12.00
# Visual Studio Version 17
VisualStudioVersion = 17.10.35122.118
MinimumVisualStudioVersion = 10.0.40219.1
Project("{FAE04EC0-301F-11D3-BF4B-00C04F79EFBC}") = "ms-loguearusuario", "ms-loguearusuario.csproj", "{83100CAD-B46A-4509-9691-222895F74714}"
EndProject
Global
	GlobalSection(SolutionConfigurationPlatforms) = preSolution
		Debug|Any CPU = Debug|Any CPU
		Release|Any CPU = Release|Any CPU
	EndGlobalSection
	GlobalSection(ProjectConfigurationPlatforms) = postSolution
		{83100CAD-B46A-4509-9691-222895F74714}.Debug|Any CPU.ActiveCfg = Debug|Any CPU
		{83100CAD-B46A-4509-9691-222895F74714}.Debug|Any CPU.Build.0 = Debug|Any CPU
		{83100CAD-B46A-4509-9691-222895F74714}.Release|Any CPU.ActiveCfg = Release|Any CPU
		{83100CAD-B46A-4509-9691-222895F74714}.Release|Any CPU.Build.0 = Release|Any CPU
	EndGlobalSection
	GlobalSection(SolutionProperties) = preSolution
		HideSolutionNode = FALSE
	EndGlobalSection
	GlobalSection(ExtensibilityGlobals) = postSolution
		SolutionGuid = {DBDA78FA-09F0-4AB7-BEC2-022CEB1CE2A3}
	EndGlobalSection
EndGlobal
